
Microsoft Visual Studio Solution File, Format Version 12.00
# Visual Studio Version 16
VisualStudioVersion = 16.0.30907.101
MinimumVisualStudioVersion = 10.0.40219.1
Project("{8BC9CEB8-8B4A-11D0-8D11-00A0C91BC942}") = "SocketSystem", "SocketSystem\SocketSystem.vcxproj", "{F8DA476E-6AFB-43AC-BAC7-7CE40B5A5C44}"
EndProject
Project("{8BC9CEB8-8B4A-11D0-8D11-00A0C91BC942}") = "SocketApplication", "SocketApplication\SocketApplication.vcxproj", "{BD6DF275-CECE-4B57-85E0-17B4820F68C0}"
	ProjectSection(ProjectDependencies) = postProject
		{F8DA476E-6AFB-43AC-BAC7-7CE40B5A5C44} = {F8DA476E-6AFB-43AC-BAC7-7CE40B5A5C44}
		{D019098A-692B-4348-86F7-E68D734955F2} = {D019098A-692B-4348-86F7-E68D734955F2}
		{32907AF9-1F95-49E1-AE7C-0D26239A75C4} = {32907AF9-1F95-49E1-AE7C-0D26239A75C4}
	EndProjectSection
EndProject
Project("{8BC9CEB8-8B4A-11D0-8D11-00A0C91BC942}") = "SocketFileManager", "SocketFileManager\SocketFileManager.vcxproj", "{32907AF9-1F95-49E1-AE7C-0D26239A75C4}"
EndProject
Project("{8BC9CEB8-8B4A-11D0-8D11-00A0C91BC942}") = "List", "List\List.vcxproj", "{1EB493EB-1280-4997-AD99-52F72C588781}"
EndProject
Project("{2150E333-8FDC-42A3-9474-1A3956D46DE8}") = "Helper", "Helper", "{8AB61FED-F847-456A-98DB-C2C455A543D1}"
EndProject
Project("{8BC9CEB8-8B4A-11D0-8D11-00A0C91BC942}") = "UnitTester", "UnitTester\UnitTester.vcxproj", "{17070F8F-8B28-476B-A9CB-CEE128CB9E35}"
	ProjectSection(ProjectDependencies) = postProject
		{F8DA476E-6AFB-43AC-BAC7-7CE40B5A5C44} = {F8DA476E-6AFB-43AC-BAC7-7CE40B5A5C44}
		{BD6DF275-CECE-4B57-85E0-17B4820F68C0} = {BD6DF275-CECE-4B57-85E0-17B4820F68C0}
		{D019098A-692B-4348-86F7-E68D734955F2} = {D019098A-692B-4348-86F7-E68D734955F2}
		{1EB493EB-1280-4997-AD99-52F72C588781} = {1EB493EB-1280-4997-AD99-52F72C588781}
		{32907AF9-1F95-49E1-AE7C-0D26239A75C4} = {32907AF9-1F95-49E1-AE7C-0D26239A75C4}
	EndProjectSection
EndProject
Project("{8BC9CEB8-8B4A-11D0-8D11-00A0C91BC942}") = "ColorPrinter", "ColorPrinter\ColorPrinter.vcxproj", "{D019098A-692B-4348-86F7-E68D734955F2}"
EndProject
Global
	GlobalSection(SolutionConfigurationPlatforms) = preSolution
		Debug|x64 = Debug|x64
		Debug|x86 = Debug|x86
		Release|x64 = Release|x64
		Release|x86 = Release|x86
	EndGlobalSection
	GlobalSection(ProjectConfigurationPlatforms) = postSolution
		{F8DA476E-6AFB-43AC-BAC7-7CE40B5A5C44}.Debug|x64.ActiveCfg = Debug|x64
		{F8DA476E-6AFB-43AC-BAC7-7CE40B5A5C44}.Debug|x64.Build.0 = Debug|x64
		{F8DA476E-6AFB-43AC-BAC7-7CE40B5A5C44}.Debug|x86.ActiveCfg = Debug|Win32
		{F8DA476E-6AFB-43AC-BAC7-7CE40B5A5C44}.Debug|x86.Build.0 = Debug|Win32
		{F8DA476E-6AFB-43AC-BAC7-7CE40B5A5C44}.Release|x64.ActiveCfg = Release|x64
		{F8DA476E-6AFB-43AC-BAC7-7CE40B5A5C44}.Release|x64.Build.0 = Release|x64
		{F8DA476E-6AFB-43AC-BAC7-7CE40B5A5C44}.Release|x86.ActiveCfg = Release|Win32
		{F8DA476E-6AFB-43AC-BAC7-7CE40B5A5C44}.Release|x86.Build.0 = Release|Win32
		{BD6DF275-CECE-4B57-85E0-17B4820F68C0}.Debug|x64.ActiveCfg = Debug|x64
		{BD6DF275-CECE-4B57-85E0-17B4820F68C0}.Debug|x64.Build.0 = Debug|x64
		{BD6DF275-CECE-4B57-85E0-17B4820F68C0}.Debug|x86.ActiveCfg = Debug|Win32
		{BD6DF275-CECE-4B57-85E0-17B4820F68C0}.Debug|x86.Build.0 = Debug|Win32
		{BD6DF275-CECE-4B57-85E0-17B4820F68C0}.Release|x64.ActiveCfg = Release|x64
		{BD6DF275-CECE-4B57-85E0-17B4820F68C0}.Release|x64.Build.0 = Release|x64
		{BD6DF275-CECE-4B57-85E0-17B4820F68C0}.Release|x86.ActiveCfg = Release|Win32
		{BD6DF275-CECE-4B57-85E0-17B4820F68C0}.Release|x86.Build.0 = Release|Win32
		{32907AF9-1F95-49E1-AE7C-0D26239A75C4}.Debug|x64.ActiveCfg = Debug|x64
		{32907AF9-1F95-49E1-AE7C-0D26239A75C4}.Debug|x64.Build.0 = Debug|x64
		{32907AF9-1F95-49E1-AE7C-0D26239A75C4}.Debug|x86.ActiveCfg = Debug|Win32
		{32907AF9-1F95-49E1-AE7C-0D26239A75C4}.Debug|x86.Build.0 = Debug|Win32
		{32907AF9-1F95-49E1-AE7C-0D26239A75C4}.Release|x64.ActiveCfg = Release|x64
		{32907AF9-1F95-49E1-AE7C-0D26239A75C4}.Release|x64.Build.0 = Release|x64
		{32907AF9-1F95-49E1-AE7C-0D26239A75C4}.Release|x86.ActiveCfg = Release|Win32
		{32907AF9-1F95-49E1-AE7C-0D26239A75C4}.Release|x86.Build.0 = Release|Win32
		{1EB493EB-1280-4997-AD99-52F72C588781}.Debug|x64.ActiveCfg = Debug|x64
		{1EB493EB-1280-4997-AD99-52F72C588781}.Debug|x64.Build.0 = Debug|x64
		{1EB493EB-1280-4997-AD99-52F72C588781}.Debug|x86.ActiveCfg = Debug|Win32
		{1EB493EB-1280-4997-AD99-52F72C588781}.Debug|x86.Build.0 = Debug|Win32
		{1EB493EB-1280-4997-AD99-52F72C588781}.Release|x64.ActiveCfg = Release|x64
		{1EB493EB-1280-4997-AD99-52F72C588781}.Release|x64.Build.0 = Release|x64
		{1EB493EB-1280-4997-AD99-52F72C588781}.Release|x86.ActiveCfg = Release|Win32
		{1EB493EB-1280-4997-AD99-52F72C588781}.Release|x86.Build.0 = Release|Win32
		{17070F8F-8B28-476B-A9CB-CEE128CB9E35}.Debug|x64.ActiveCfg = Debug|x64
		{17070F8F-8B28-476B-A9CB-CEE128CB9E35}.Debug|x64.Build.0 = Debug|x64
		{17070F8F-8B28-476B-A9CB-CEE128CB9E35}.Debug|x86.ActiveCfg = Debug|Win32
		{17070F8F-8B28-476B-A9CB-CEE128CB9E35}.Debug|x86.Build.0 = Debug|Win32
		{17070F8F-8B28-476B-A9CB-CEE128CB9E35}.Release|x64.ActiveCfg = Release|x64
		{17070F8F-8B28-476B-A9CB-CEE128CB9E35}.Release|x64.Build.0 = Release|x64
		{17070F8F-8B28-476B-A9CB-CEE128CB9E35}.Release|x86.ActiveCfg = Release|Win32
		{17070F8F-8B28-476B-A9CB-CEE128CB9E35}.Release|x86.Build.0 = Release|Win32
		{D019098A-692B-4348-86F7-E68D734955F2}.Debug|x64.ActiveCfg = Debug|x64
		{D019098A-692B-4348-86F7-E68D734955F2}.Debug|x64.Build.0 = Debug|x64
		{D019098A-692B-4348-86F7-E68D734955F2}.Debug|x86.ActiveCfg = Debug|Win32
		{D019098A-692B-4348-86F7-E68D734955F2}.Debug|x86.Build.0 = Debug|Win32
		{D019098A-692B-4348-86F7-E68D734955F2}.Release|x64.ActiveCfg = Release|x64
		{D019098A-692B-4348-86F7-E68D734955F2}.Release|x64.Build.0 = Release|x64
		{D019098A-692B-4348-86F7-E68D734955F2}.Release|x86.ActiveCfg = Release|Win32
		{D019098A-692B-4348-86F7-E68D734955F2}.Release|x86.Build.0 = Release|Win32
	EndGlobalSection
	GlobalSection(SolutionProperties) = preSolution
		HideSolutionNode = FALSE
	EndGlobalSection
	GlobalSection(NestedProjects) = preSolution
		{1EB493EB-1280-4997-AD99-52F72C588781} = {8AB61FED-F847-456A-98DB-C2C455A543D1}
		{17070F8F-8B28-476B-A9CB-CEE128CB9E35} = {8AB61FED-F847-456A-98DB-C2C455A543D1}
		{D019098A-692B-4348-86F7-E68D734955F2} = {8AB61FED-F847-456A-98DB-C2C455A543D1}
	EndGlobalSection
	GlobalSection(ExtensibilityGlobals) = postSolution
		SolutionGuid = {C914EAF2-28D4-4804-A6A8-F7F0C7537D77}
	EndGlobalSection
EndGlobal
